<?xml version="1.0" encoding="utf-8"?>
<Project ToolsVersion="4.0" xmlns="http://schemas.microsoft.com/developer/msbuild/2003">
  <ItemGroup>
    <Filter Include="Source Files">
      <UniqueIdentifier>{4FC737F1-C7A5-4376-A066-2A32D752A2FF}</UniqueIdentifier>
      <Extensions>cpp;c;cc;cxx;c++;cppm;ixx;def;odl;idl;hpj;bat;asm;asmx</Extensions>
    </Filter>
    <Filter Include="lib">
      <UniqueIdentifier>{894c89f0-7744-474e-ab38-857318dfa7be}</UniqueIdentifier>
    </Filter>
  </ItemGroup>
  <ItemGroup>
    <ClCompile Include="main.cpp">
      <Filter>Source Files</Filter>
    </ClCompile>
    <ClCompile Include="lib\SigPattern.cpp">
      <Filter>lib</Filter>
    </ClCompile>
    <ClCompile Include="lib\SigScanner.cpp">
      <Filter>lib</Filter>
    </ClCompile>
    <ClCompile Include="Timer.cpp">
      <Filter>Source Files</Filter>
    </ClCompile>
  </ItemGroup>
  <ItemGroup>
    <ClInclude Include="lib\SigScanner.h">
      <Filter>lib</Filter>
    </ClInclude>
    <ClInclude Include="lib\SigPattern.h">
      <Filter>lib</Filter>
    </ClInclude>
    <ClInclude Include="Timer.h" />
  </ItemGroup>
</Project>